
Microsoft Visual Studio Solution File, Format Version 12.00
# Visual Studio Version 17
VisualStudioVersion = 17.0.31903.59
MinimumVisualStudioVersion = 10.0.40219.1
Project("{9A19103F-16F7-4668-BE54-9A1E7A4F7556}") = "Transacoes.Apresentacao", "codigo\Questao5_Transacoes\Transacoes.Apresentacao\Transacoes.Apresentacao.csproj", "{D5D650B8-0E34-483A-ACB2-6F2701AEBA2C}"
EndProject
Project("{9A19103F-16F7-4668-BE54-9A1E7A4F7556}") = "Transacoes.Core", "codigo\Questao5_Transacoes\Transacoes.Core\Transacoes.Core.csproj", "{50F21CB1-5FF6-4D89-8E5A-DBBE85CE80FE}"
EndProject
Project("{9A19103F-16F7-4668-BE54-9A1E7A4F7556}") = "Precificacao.Apresentacao", "codigo\Questao2_Precificacao\Precificacao.Apresentacao\Precificacao.Apresentacao.csproj", "{0A3383A6-FED8-4657-9554-FBD79482CFDC}"
EndProject
Project("{9A19103F-16F7-4668-BE54-9A1E7A4F7556}") = "Precificacao.Core", "codigo\Questao2_Precificacao\Precificacao.Core\Precificacao.Core.csproj", "{33CC03B0-EB6E-4C4A-B769-1A70F2547176}"
EndProject
Project("{9A19103F-16F7-4668-BE54-9A1E7A4F7556}") = "RankingRuas.Apresentacao", "codigo\Questao3_RankingRuas\RankingRuas.Apresentacao\RankingRuas.Apresentacao.csproj", "{AEB6E568-2610-47A8-BBDD-F59EBEFC390D}"
EndProject
Project("{9A19103F-16F7-4668-BE54-9A1E7A4F7556}") = "RankingRuas.Core", "codigo\Questao3_RankingRuas\RankingRuas.Core\RankingRuas.Core.csproj", "{4971E982-E698-4D8B-B790-F94BE3CFACCD}"
EndProject
Project("{9A19103F-16F7-4668-BE54-9A1E7A4F7556}") = "TratamentoErros.Apresentacao", "codigo\Questao4_TratamentoErros\TratamentoErros.Apresentacao\TratamentoErros.Apresentacao.csproj", "{53B473EF-BC51-49E2-AF86-CD110A593833}"
EndProject
Project("{9A19103F-16F7-4668-BE54-9A1E7A4F7556}") = "TratamentoErros.Core", "codigo\Questao4_TratamentoErros\TratamentoErros.Core\TratamentoErros.Core.csproj", "{EC71F4F6-2046-42A6-9E58-6AC5E0A3FC74}"
EndProject
Global
	GlobalSection(SolutionConfigurationPlatforms) = preSolution
		Debug|Any CPU = Debug|Any CPU
		Release|Any CPU = Release|Any CPU
	EndGlobalSection
	GlobalSection(ProjectConfigurationPlatforms) = postSolution
		{D5D650B8-0E34-483A-ACB2-6F2701AEBA2C}.Debug|Any CPU.ActiveCfg = Debug|Any CPU
		{D5D650B8-0E34-483A-ACB2-6F2701AEBA2C}.Debug|Any CPU.Build.0 = Debug|Any CPU
		{D5D650B8-0E34-483A-ACB2-6F2701AEBA2C}.Release|Any CPU.ActiveCfg = Release|Any CPU
		{D5D650B8-0E34-483A-ACB2-6F2701AEBA2C}.Release|Any CPU.Build.0 = Release|Any CPU
		{50F21CB1-5FF6-4D89-8E5A-DBBE85CE80FE}.Debug|Any CPU.ActiveCfg = Debug|Any CPU
		{50F21CB1-5FF6-4D89-8E5A-DBBE85CE80FE}.Debug|Any CPU.Build.0 = Debug|Any CPU
		{50F21CB1-5FF6-4D89-8E5A-DBBE85CE80FE}.Release|Any CPU.ActiveCfg = Release|Any CPU
		{50F21CB1-5FF6-4D89-8E5A-DBBE85CE80FE}.Release|Any CPU.Build.0 = Release|Any CPU
		{0A3383A6-FED8-4657-9554-FBD79482CFDC}.Debug|Any CPU.ActiveCfg = Debug|Any CPU
		{0A3383A6-FED8-4657-9554-FBD79482CFDC}.Debug|Any CPU.Build.0 = Debug|Any CPU
		{0A3383A6-FED8-4657-9554-FBD79482CFDC}.Release|Any CPU.ActiveCfg = Release|Any CPU
		{0A3383A6-FED8-4657-9554-FBD79482CFDC}.Release|Any CPU.Build.0 = Release|Any CPU
		{33CC03B0-EB6E-4C4A-B769-1A70F2547176}.Debug|Any CPU.ActiveCfg = Debug|Any CPU
		{33CC03B0-EB6E-4C4A-B769-1A70F2547176}.Debug|Any CPU.Build.0 = Debug|Any CPU
		{33CC03B0-EB6E-4C4A-B769-1A70F2547176}.Release|Any CPU.ActiveCfg = Release|Any CPU
		{33CC03B0-EB6E-4C4A-B769-1A70F2547176}.Release|Any CPU.Build.0 = Release|Any CPU
		{AEB6E568-2610-47A8-BBDD-F59EBEFC390D}.Debug|Any CPU.ActiveCfg = Debug|Any CPU
		{AEB6E568-2610-47A8-BBDD-F59EBEFC390D}.Debug|Any CPU.Build.0 = Debug|Any CPU
		{AEB6E568-2610-47A8-BBDD-F59EBEFC390D}.Release|Any CPU.ActiveCfg = Release|Any CPU
		{AEB6E568-2610-47A8-BBDD-F59EBEFC390D}.Release|Any CPU.Build.0 = Release|Any CPU
		{4971E982-E698-4D8B-B790-F94BE3CFACCD}.Debug|Any CPU.ActiveCfg = Debug|Any CPU
		{4971E982-E698-4D8B-B790-F94BE3CFACCD}.Debug|Any CPU.Build.0 = Debug|Any CPU
		{4971E982-E698-4D8B-B790-F94BE3CFACCD}.Release|Any CPU.ActiveCfg = Release|Any CPU
		{4971E982-E698-4D8B-B790-F94BE3CFACCD}.Release|Any CPU.Build.0 = Release|Any CPU
		{53B473EF-BC51-49E2-AF86-CD110A593833}.Debug|Any CPU.ActiveCfg = Debug|Any CPU
		{53B473EF-BC51-49E2-AF86-CD110A593833}.Debug|Any CPU.Build.0 = Debug|Any CPU
		{53B473EF-BC51-49E2-AF86-CD110A593833}.Release|Any CPU.ActiveCfg = Release|Any CPU
		{53B473EF-BC51-49E2-AF86-CD110A593833}.Release|Any CPU.Build.0 = Release|Any CPU
		{EC71F4F6-2046-42A6-9E58-6AC5E0A3FC74}.Debug|Any CPU.ActiveCfg = Debug|Any CPU
		{EC71F4F6-2046-42A6-9E58-6AC5E0A3FC74}.Debug|Any CPU.Build.0 = Debug|Any CPU
		{EC71F4F6-2046-42A6-9E58-6AC5E0A3FC74}.Release|Any CPU.ActiveCfg = Release|Any CPU
		{EC71F4F6-2046-42A6-9E58-6AC5E0A3FC74}.Release|Any CPU.Build.0 = Release|Any CPU
	EndGlobalSection
	GlobalSection(SolutionProperties) = preSolution
		HideSolutionNode = FALSE
	EndGlobalSection
	GlobalSection(ExtensibilityGlobals) = postSolution
		SolutionGuid = {97470700-D00F-4B48-8902-62A0E6F51563}
	EndGlobalSection
EndGlobal
